
Microsoft Visual Studio Solution File, Format Version 12.00
# Visual Studio Version 16
VisualStudioVersion = 16.0.30413.136
MinimumVisualStudioVersion = 10.0.40219.1
Project("{FAE04EC0-301F-11D3-BF4B-00C04F79EFBC}") = "MyPham_WebAPI", "MyPham_WebAPI\MyPham_WebAPI.csproj", "{B61B0996-C7DD-4406-AD48-8FE67172EB66}"
EndProject
Project("{FAE04EC0-301F-11D3-BF4B-00C04F79EFBC}") = "MyPham_WebAPP", "MyPham_WebAPP\MyPham_WebAPP.csproj", "{B08E1550-25A1-43FB-9A52-0A505B0717AA}"
EndProject
Global
	GlobalSection(SolutionConfigurationPlatforms) = preSolution
		Debug|Any CPU = Debug|Any CPU
		Release|Any CPU = Release|Any CPU
	EndGlobalSection
	GlobalSection(ProjectConfigurationPlatforms) = postSolution
		{B61B0996-C7DD-4406-AD48-8FE67172EB66}.Debug|Any CPU.ActiveCfg = Debug|Any CPU
		{B61B0996-C7DD-4406-AD48-8FE67172EB66}.Debug|Any CPU.Build.0 = Debug|Any CPU
		{B61B0996-C7DD-4406-AD48-8FE67172EB66}.Release|Any CPU.ActiveCfg = Release|Any CPU
		{B61B0996-C7DD-4406-AD48-8FE67172EB66}.Release|Any CPU.Build.0 = Release|Any CPU
		{B08E1550-25A1-43FB-9A52-0A505B0717AA}.Debug|Any CPU.ActiveCfg = Debug|Any CPU
		{B08E1550-25A1-43FB-9A52-0A505B0717AA}.Debug|Any CPU.Build.0 = Debug|Any CPU
		{B08E1550-25A1-43FB-9A52-0A505B0717AA}.Release|Any CPU.ActiveCfg = Release|Any CPU
		{B08E1550-25A1-43FB-9A52-0A505B0717AA}.Release|Any CPU.Build.0 = Release|Any CPU
	EndGlobalSection
	GlobalSection(SolutionProperties) = preSolution
		HideSolutionNode = FALSE
	EndGlobalSection
	GlobalSection(ExtensibilityGlobals) = postSolution
		SolutionGuid = {30800DCB-C7B3-418E-81F4-C4A9CAEB4982}
	EndGlobalSection
EndGlobal
